// !$*UTF8*$!
{
	archiveVersion = 1;
	classes = {
	};
	objectVersion = 46;
	objects = {

/* Begin PBXBuildFile section */
		630F5C9119F594D3002AEDC0 /* Collectable.swift in Sources */ = {isa = PBXBuildFile; fileRef = 630F5C9019F594D3002AEDC0 /* Collectable.swift */; };
		630F5C9319F5A0FB002AEDC0 /* BitmapFontLabel.swift in Sources */ = {isa = PBXBuildFile; fileRef = 630F5C9219F5A0FB002AEDC0 /* BitmapFontLabel.swift */; };
		630FCAD719FBC11E00CC98A9 /* Button.swift in Sources */ = {isa = PBXBuildFile; fileRef = 630FCAD619FBC11E00CC98A9 /* Button.swift */; };
		630FCB4319FD8C5100CC98A9 /* GameOverMenu.swift in Sources */ = {isa = PBXBuildFile; fileRef = 630FCB4219FD8C5100CC98A9 /* GameOverMenu.swift */; };
		6348AE3B19EDAAC300A95BB9 /* PlaneAnimations.plist in Resources */ = {isa = PBXBuildFile; fileRef = 6348AE3A19EDAAC300A95BB9 /* PlaneAnimations.plist */; };
		6348AE4019EEFE4A00A95BB9 /* PlanePuffTrail.sks in Resources */ = {isa = PBXBuildFile; fileRef = 6348AE3E19EEFE4A00A95BB9 /* PlanePuffTrail.sks */; };
		634C26661A0170EE0072B257 /* SoundManager.m in Sources */ = {isa = PBXBuildFile; fileRef = 634C26651A0170EE0072B257 /* SoundManager.m */; };
		634C266D1A0172000072B257 /* Click.caf in Resources */ = {isa = PBXBuildFile; fileRef = 634C26681A0172000072B257 /* Click.caf */; };
		634C266E1A0172000072B257 /* Collect.caf in Resources */ = {isa = PBXBuildFile; fileRef = 634C26691A0172000072B257 /* Collect.caf */; };
		634C266F1A0172000072B257 /* Crunch.caf in Resources */ = {isa = PBXBuildFile; fileRef = 634C266A1A0172000072B257 /* Crunch.caf */; };
		634C26701A0172000072B257 /* Engine.caf in Resources */ = {isa = PBXBuildFile; fileRef = 634C266B1A0172000072B257 /* Engine.caf */; };
		634C26711A0172000072B257 /* Rain.caf in Resources */ = {isa = PBXBuildFile; fileRef = 634C266C1A0172000072B257 /* Rain.caf */; };
		634C26751A017B420072B257 /* SnowEffect.sks in Resources */ = {isa = PBXBuildFile; fileRef = 634C26731A017B420072B257 /* SnowEffect.sks */; };
		634C26761A017B420072B257 /* spark.png in Resources */ = {isa = PBXBuildFile; fileRef = 634C26741A017B420072B257 /* spark.png */; };
		634C26781A017B5C0072B257 /* RainEffect.sks in Resources */ = {isa = PBXBuildFile; fileRef = 634C26771A017B5C0072B257 /* RainEffect.sks */; };
		634C267A1A017D240072B257 /* WeatherLayer.swift in Sources */ = {isa = PBXBuildFile; fileRef = 634C26791A017D240072B257 /* WeatherLayer.swift */; };
		634CB81D19EFD98900652D13 /* ScrollingNode.swift in Sources */ = {isa = PBXBuildFile; fileRef = 634CB81C19EFD98900652D13 /* ScrollingNode.swift */; };
		634CB81F19EFDB8100652D13 /* ScrollingLayer.swift in Sources */ = {isa = PBXBuildFile; fileRef = 634CB81E19EFDB8100652D13 /* ScrollingLayer.swift */; };
		6381D11119FAD6FC00018173 /* TilesetGraphics.plist in Resources */ = {isa = PBXBuildFile; fileRef = 6381D11019FAD6FC00018173 /* TilesetGraphics.plist */; };
		6381D11319FAD86100018173 /* TilesetTextureProvider.swift in Sources */ = {isa = PBXBuildFile; fileRef = 6381D11219FAD86100018173 /* TilesetTextureProvider.swift */; };
		63B2308919EC80CC00CA75DE /* AppDelegate.swift in Sources */ = {isa = PBXBuildFile; fileRef = 63B2308819EC80CC00CA75DE /* AppDelegate.swift */; };
		63B2308B19EC80CC00CA75DE /* GameScene.sks in Resources */ = {isa = PBXBuildFile; fileRef = 63B2308A19EC80CC00CA75DE /* GameScene.sks */; };
		63B2308D19EC80CC00CA75DE /* GameScene.swift in Sources */ = {isa = PBXBuildFile; fileRef = 63B2308C19EC80CC00CA75DE /* GameScene.swift */; };
		63B2308F19EC80CC00CA75DE /* GameViewController.swift in Sources */ = {isa = PBXBuildFile; fileRef = 63B2308E19EC80CC00CA75DE /* GameViewController.swift */; };
		63B2309219EC80CC00CA75DE /* Main.storyboard in Resources */ = {isa = PBXBuildFile; fileRef = 63B2309019EC80CC00CA75DE /* Main.storyboard */; };
		63B2309419EC80CC00CA75DE /* Images.xcassets in Resources */ = {isa = PBXBuildFile; fileRef = 63B2309319EC80CC00CA75DE /* Images.xcassets */; };
		63B2309719EC80CC00CA75DE /* LaunchScreen.xib in Resources */ = {isa = PBXBuildFile; fileRef = 63B2309519EC80CC00CA75DE /* LaunchScreen.xib */; };
		63B230A319EC80CC00CA75DE /* Tappy_PlaneTests.swift in Sources */ = {isa = PBXBuildFile; fileRef = 63B230A219EC80CC00CA75DE /* Tappy_PlaneTests.swift */; };
		63C0D40719F31EE800811F1C /* ObstacleLayer.swift in Sources */ = {isa = PBXBuildFile; fileRef = 63C0D40619F31EE800811F1C /* ObstacleLayer.swift */; };
		63E2F2EC1A000653000B3626 /* GetReadyMenu.swift in Sources */ = {isa = PBXBuildFile; fileRef = 63E2F2EB1A000653000B3626 /* GetReadyMenu.swift */; };
		63F0A97019ED38DD00DE35B9 /* Graphics.atlas in Resources */ = {isa = PBXBuildFile; fileRef = 63F0A96F19ED38DD00DE35B9 /* Graphics.atlas */; };
		63F0A97219ED3A3D00DE35B9 /* Plane.swift in Sources */ = {isa = PBXBuildFile; fileRef = 63F0A97119ED3A3D00DE35B9 /* Plane.swift */; };
/* End PBXBuildFile section */

/* Begin PBXContainerItemProxy section */
		63B2309D19EC80CC00CA75DE /* PBXContainerItemProxy */ = {
			isa = PBXContainerItemProxy;
			containerPortal = 63B2307B19EC80CC00CA75DE /* Project object */;
			proxyType = 1;
			remoteGlobalIDString = 63B2308219EC80CC00CA75DE;
			remoteInfo = "Tappy Plane";
		};
/* End PBXContainerItemProxy section */

/* Begin PBXFileReference section */
		630F5C9019F594D3002AEDC0 /* Collectable.swift */ = {isa = PBXFileReference; fileEncoding = 4; lastKnownFileType = sourcecode.swift; path = Collectable.swift; sourceTree = "<group>"; };
		630F5C9219F5A0FB002AEDC0 /* BitmapFontLabel.swift */ = {isa = PBXFileReference; fileEncoding = 4; lastKnownFileType = sourcecode.swift; path = BitmapFontLabel.swift; sourceTree = "<group>"; };
		630FCAD619FBC11E00CC98A9 /* Button.swift */ = {isa = PBXFileReference; fileEncoding = 4; lastKnownFileType = sourcecode.swift; path = Button.swift; sourceTree = "<group>"; };
		630FCB4219FD8C5100CC98A9 /* GameOverMenu.swift */ = {isa = PBXFileReference; fileEncoding = 4; lastKnownFileType = sourcecode.swift; path = GameOverMenu.swift; sourceTree = "<group>"; };
		6348AE3A19EDAAC300A95BB9 /* PlaneAnimations.plist */ = {isa = PBXFileReference; fileEncoding = 4; lastKnownFileType = text.plist.xml; path = PlaneAnimations.plist; sourceTree = "<group>"; };
		6348AE3E19EEFE4A00A95BB9 /* PlanePuffTrail.sks */ = {isa = PBXFileReference; lastKnownFileType = file.sks; path = PlanePuffTrail.sks; sourceTree = "<group>"; };
		634C26631A0170ED0072B257 /* Tappy Plane-Bridging-Header.h */ = {isa = PBXFileReference; lastKnownFileType = sourcecode.c.h; path = "Tappy Plane-Bridging-Header.h"; sourceTree = "<group>"; };
		634C26651A0170EE0072B257 /* SoundManager.m */ = {isa = PBXFileReference; fileEncoding = 4; lastKnownFileType = sourcecode.c.objc; path = SoundManager.m; sourceTree = "<group>"; };
		634C26681A0172000072B257 /* Click.caf */ = {isa = PBXFileReference; lastKnownFileType = file; path = Click.caf; sourceTree = "<group>"; };
		634C26691A0172000072B257 /* Collect.caf */ = {isa = PBXFileReference; lastKnownFileType = file; path = Collect.caf; sourceTree = "<group>"; };
		634C266A1A0172000072B257 /* Crunch.caf */ = {isa = PBXFileReference; lastKnownFileType = file; path = Crunch.caf; sourceTree = "<group>"; };
		634C266B1A0172000072B257 /* Engine.caf */ = {isa = PBXFileReference; lastKnownFileType = file; path = Engine.caf; sourceTree = "<group>"; };
		634C266C1A0172000072B257 /* Rain.caf */ = {isa = PBXFileReference; lastKnownFileType = file; path = Rain.caf; sourceTree = "<group>"; };
		634C26721A01722B0072B257 /* SoundManager.h */ = {isa = PBXFileReference; fileEncoding = 4; lastKnownFileType = sourcecode.c.h; path = SoundManager.h; sourceTree = "<group>"; };
		634C26731A017B420072B257 /* SnowEffect.sks */ = {isa = PBXFileReference; lastKnownFileType = file.sks; path = SnowEffect.sks; sourceTree = "<group>"; };
		634C26741A017B420072B257 /* spark.png */ = {isa = PBXFileReference; lastKnownFileType = image.png; path = spark.png; sourceTree = "<group>"; };
		634C26771A017B5C0072B257 /* RainEffect.sks */ = {isa = PBXFileReference; lastKnownFileType = file.sks; path = RainEffect.sks; sourceTree = "<group>"; };
		634C26791A017D240072B257 /* WeatherLayer.swift */ = {isa = PBXFileReference; fileEncoding = 4; lastKnownFileType = sourcecode.swift; path = WeatherLayer.swift; sourceTree = "<group>"; };
		634CB81C19EFD98900652D13 /* ScrollingNode.swift */ = {isa = PBXFileReference; fileEncoding = 4; lastKnownFileType = sourcecode.swift; path = ScrollingNode.swift; sourceTree = "<group>"; };
		634CB81E19EFDB8100652D13 /* ScrollingLayer.swift */ = {isa = PBXFileReference; fileEncoding = 4; lastKnownFileType = sourcecode.swift; path = ScrollingLayer.swift; sourceTree = "<group>"; };
		6381D11019FAD6FC00018173 /* TilesetGraphics.plist */ = {isa = PBXFileReference; fileEncoding = 4; lastKnownFileType = text.plist.xml; path = TilesetGraphics.plist; sourceTree = "<group>"; };
		6381D11219FAD86100018173 /* TilesetTextureProvider.swift */ = {isa = PBXFileReference; fileEncoding = 4; lastKnownFileType = sourcecode.swift; path = TilesetTextureProvider.swift; sourceTree = "<group>"; };
		63B2308319EC80CC00CA75DE /* Tappy Plane.app */ = {isa = PBXFileReference; explicitFileType = wrapper.application; includeInIndex = 0; path = "Tappy Plane.app"; sourceTree = BUILT_PRODUCTS_DIR; };
		63B2308719EC80CC00CA75DE /* Info.plist */ = {isa = PBXFileReference; lastKnownFileType = text.plist.xml; path = Info.plist; sourceTree = "<group>"; };
		63B2308819EC80CC00CA75DE /* AppDelegate.swift */ = {isa = PBXFileReference; lastKnownFileType = sourcecode.swift; path = AppDelegate.swift; sourceTree = "<group>"; };
		63B2308A19EC80CC00CA75DE /* GameScene.sks */ = {isa = PBXFileReference; lastKnownFileType = file.sks; path = GameScene.sks; sourceTree = "<group>"; };
		63B2308C19EC80CC00CA75DE /* GameScene.swift */ = {isa = PBXFileReference; lastKnownFileType = sourcecode.swift; path = GameScene.swift; sourceTree = "<group>"; };
		63B2308E19EC80CC00CA75DE /* GameViewController.swift */ = {isa = PBXFileReference; lastKnownFileType = sourcecode.swift; path = GameViewController.swift; sourceTree = "<group>"; };
		63B2309119EC80CC00CA75DE /* Base */ = {isa = PBXFileReference; lastKnownFileType = file.storyboard; name = Base; path = Base.lproj/Main.storyboard; sourceTree = "<group>"; };
		63B2309319EC80CC00CA75DE /* Images.xcassets */ = {isa = PBXFileReference; lastKnownFileType = folder.assetcatalog; path = Images.xcassets; sourceTree = "<group>"; };
		63B2309619EC80CC00CA75DE /* Base */ = {isa = PBXFileReference; lastKnownFileType = file.xib; name = Base; path = Base.lproj/LaunchScreen.xib; sourceTree = "<group>"; };
		63B2309C19EC80CC00CA75DE /* Tappy PlaneTests.xctest */ = {isa = PBXFileReference; explicitFileType = wrapper.cfbundle; includeInIndex = 0; path = "Tappy PlaneTests.xctest"; sourceTree = BUILT_PRODUCTS_DIR; };
		63B230A119EC80CC00CA75DE /* Info.plist */ = {isa = PBXFileReference; lastKnownFileType = text.plist.xml; path = Info.plist; sourceTree = "<group>"; };
		63B230A219EC80CC00CA75DE /* Tappy_PlaneTests.swift */ = {isa = PBXFileReference; lastKnownFileType = sourcecode.swift; path = Tappy_PlaneTests.swift; sourceTree = "<group>"; };
		63C0D40619F31EE800811F1C /* ObstacleLayer.swift */ = {isa = PBXFileReference; fileEncoding = 4; lastKnownFileType = sourcecode.swift; path = ObstacleLayer.swift; sourceTree = "<group>"; };
		63E2F2EB1A000653000B3626 /* GetReadyMenu.swift */ = {isa = PBXFileReference; fileEncoding = 4; lastKnownFileType = sourcecode.swift; path = GetReadyMenu.swift; sourceTree = "<group>"; };
		63F0A96F19ED38DD00DE35B9 /* Graphics.atlas */ = {isa = PBXFileReference; lastKnownFileType = folder.skatlas; path = Graphics.atlas; sourceTree = "<group>"; };
		63F0A97119ED3A3D00DE35B9 /* Plane.swift */ = {isa = PBXFileReference; fileEncoding = 4; lastKnownFileType = sourcecode.swift; path = Plane.swift; sourceTree = "<group>"; };
/* End PBXFileReference section */

/* Begin PBXFrameworksBuildPhase section */
		63B2308019EC80CC00CA75DE /* Frameworks */ = {
			isa = PBXFrameworksBuildPhase;
			buildActionMask = 2147483647;
			files = (
			);
			runOnlyForDeploymentPostprocessing = 0;
		};
		63B2309919EC80CC00CA75DE /* Frameworks */ = {
			isa = PBXFrameworksBuildPhase;
			buildActionMask = 2147483647;
			files = (
			);
			runOnlyForDeploymentPostprocessing = 0;
		};
/* End PBXFrameworksBuildPhase section */

/* Begin PBXGroup section */
		6348AE3C19EDABFE00A95BB9 /* Ressources */ = {
			isa = PBXGroup;
			children = (
				6348AE3A19EDAAC300A95BB9 /* PlaneAnimations.plist */,
				6381D11019FAD6FC00018173 /* TilesetGraphics.plist */,
			);
			name = Ressources;
			sourceTree = "<group>";
		};
		6348AE3D19EEFE1F00A95BB9 /* Particle Effects */ = {
			isa = PBXGroup;
			children = (
				6348AE3E19EEFE4A00A95BB9 /* PlanePuffTrail.sks */,
				634C26731A017B420072B257 /* SnowEffect.sks */,
				634C26771A017B5C0072B257 /* RainEffect.sks */,
				634C26741A017B420072B257 /* spark.png */,
			);
			name = "Particle Effects";
			sourceTree = "<group>";
		};
		634C26671A0171E90072B257 /* Sounds */ = {
			isa = PBXGroup;
			children = (
				634C26681A0172000072B257 /* Click.caf */,
				634C26691A0172000072B257 /* Collect.caf */,
				634C266A1A0172000072B257 /* Crunch.caf */,
				634C266B1A0172000072B257 /* Engine.caf */,
				634C266C1A0172000072B257 /* Rain.caf */,
			);
			name = Sounds;
			sourceTree = "<group>";
		};
		63B2307A19EC80CC00CA75DE = {
			isa = PBXGroup;
			children = (
				63B2308519EC80CC00CA75DE /* Tappy Plane */,
				63B2309F19EC80CC00CA75DE /* Tappy PlaneTests */,
				63B2308419EC80CC00CA75DE /* Products */,
			);
			sourceTree = "<group>";
		};
		63B2308419EC80CC00CA75DE /* Products */ = {
			isa = PBXGroup;
			children = (
				63B2308319EC80CC00CA75DE /* Tappy Plane.app */,
				63B2309C19EC80CC00CA75DE /* Tappy PlaneTests.xctest */,
			);
			name = Products;
			sourceTree = "<group>";
		};
		63B2308519EC80CC00CA75DE /* Tappy Plane */ = {
			isa = PBXGroup;
			children = (
				634C26671A0171E90072B257 /* Sounds */,
				63F0A96F19ED38DD00DE35B9 /* Graphics.atlas */,
				6348AE3C19EDABFE00A95BB9 /* Ressources */,
				6348AE3D19EEFE1F00A95BB9 /* Particle Effects */,
				63B2308819EC80CC00CA75DE /* AppDelegate.swift */,
				63F0A97119ED3A3D00DE35B9 /* Plane.swift */,
				6381D11219FAD86100018173 /* TilesetTextureProvider.swift */,
				630F5C9019F594D3002AEDC0 /* Collectable.swift */,
				634CB81C19EFD98900652D13 /* ScrollingNode.swift */,
				634CB81E19EFDB8100652D13 /* ScrollingLayer.swift */,
				63C0D40619F31EE800811F1C /* ObstacleLayer.swift */,
				634C26791A017D240072B257 /* WeatherLayer.swift */,
				63E2F2EB1A000653000B3626 /* GetReadyMenu.swift */,
				630FCB4219FD8C5100CC98A9 /* GameOverMenu.swift */,
				630F5C9219F5A0FB002AEDC0 /* BitmapFontLabel.swift */,
				630FCAD619FBC11E00CC98A9 /* Button.swift */,
				63B2308A19EC80CC00CA75DE /* GameScene.sks */,
				63B2308C19EC80CC00CA75DE /* GameScene.swift */,
				63B2308E19EC80CC00CA75DE /* GameViewController.swift */,
				634C26721A01722B0072B257 /* SoundManager.h */,
				634C26651A0170EE0072B257 /* SoundManager.m */,
				63B2309019EC80CC00CA75DE /* Main.storyboard */,
				63B2309319EC80CC00CA75DE /* Images.xcassets */,
				63B2309519EC80CC00CA75DE /* LaunchScreen.xib */,
				63B2308619EC80CC00CA75DE /* Supporting Files */,
			);
			path = "Tappy Plane";
			sourceTree = "<group>";
		};
		63B2308619EC80CC00CA75DE /* Supporting Files */ = {
			isa = PBXGroup;
			children = (
				634C26631A0170ED0072B257 /* Tappy Plane-Bridging-Header.h */,
				63B2308719EC80CC00CA75DE /* Info.plist */,
			);
			name = "Supporting Files";
			sourceTree = "<group>";
		};
		63B2309F19EC80CC00CA75DE /* Tappy PlaneTests */ = {
			isa = PBXGroup;
			children = (
				63B230A219EC80CC00CA75DE /* Tappy_PlaneTests.swift */,
				63B230A019EC80CC00CA75DE /* Supporting Files */,
			);
			path = "Tappy PlaneTests";
			sourceTree = "<group>";
		};
		63B230A019EC80CC00CA75DE /* Supporting Files */ = {
			isa = PBXGroup;
			children = (
				63B230A119EC80CC00CA75DE /* Info.plist */,
			);
			name = "Supporting Files";
			sourceTree = "<group>";
		};
/* End PBXGroup section */

/* Begin PBXNativeTarget section */
		63B2308219EC80CC00CA75DE /* Tappy Plane */ = {
			isa = PBXNativeTarget;
			buildConfigurationList = 63B230A619EC80CC00CA75DE /* Build configuration list for PBXNativeTarget "Tappy Plane" */;
			buildPhases = (
				63B2307F19EC80CC00CA75DE /* Sources */,
				63B2308019EC80CC00CA75DE /* Frameworks */,
				63B2308119EC80CC00CA75DE /* Resources */,
			);
			buildRules = (
			);
			dependencies = (
			);
			name = "Tappy Plane";
			productName = "Tappy Plane";
			productReference = 63B2308319EC80CC00CA75DE /* Tappy Plane.app */;
			productType = "com.apple.product-type.application";
		};
		63B2309B19EC80CC00CA75DE /* Tappy PlaneTests */ = {
			isa = PBXNativeTarget;
			buildConfigurationList = 63B230A919EC80CC00CA75DE /* Build configuration list for PBXNativeTarget "Tappy PlaneTests" */;
			buildPhases = (
				63B2309819EC80CC00CA75DE /* Sources */,
				63B2309919EC80CC00CA75DE /* Frameworks */,
				63B2309A19EC80CC00CA75DE /* Resources */,
			);
			buildRules = (
			);
			dependencies = (
				63B2309E19EC80CC00CA75DE /* PBXTargetDependency */,
			);
			name = "Tappy PlaneTests";
			productName = "Tappy PlaneTests";
			productReference = 63B2309C19EC80CC00CA75DE /* Tappy PlaneTests.xctest */;
			productType = "com.apple.product-type.bundle.unit-test";
		};
/* End PBXNativeTarget section */

/* Begin PBXProject section */
		63B2307B19EC80CC00CA75DE /* Project object */ = {
			isa = PBXProject;
			attributes = {
				LastUpgradeCheck = 0610;
				ORGANIZATIONNAME = "Piri-Piri";
				TargetAttributes = {
					63B2308219EC80CC00CA75DE = {
						CreatedOnToolsVersion = 6.1;
					};
					63B2309B19EC80CC00CA75DE = {
						CreatedOnToolsVersion = 6.1;
						TestTargetID = 63B2308219EC80CC00CA75DE;
					};
				};
			};
			buildConfigurationList = 63B2307E19EC80CC00CA75DE /* Build configuration list for PBXProject "Tappy Plane" */;
			compatibilityVersion = "Xcode 3.2";
			developmentRegion = English;
			hasScannedForEncodings = 0;
			knownRegions = (
				en,
				Base,
			);
			mainGroup = 63B2307A19EC80CC00CA75DE;
			productRefGroup = 63B2308419EC80CC00CA75DE /* Products */;
			projectDirPath = "";
			projectRoot = "";
			targets = (
				63B2308219EC80CC00CA75DE /* Tappy Plane */,
				63B2309B19EC80CC00CA75DE /* Tappy PlaneTests */,
			);
		};
/* End PBXProject section */

/* Begin PBXResourcesBuildPhase section */
		63B2308119EC80CC00CA75DE /* Resources */ = {
			isa = PBXResourcesBuildPhase;
			buildActionMask = 2147483647;
			files = (
				63B2309719EC80CC00CA75DE /* LaunchScreen.xib in Resources */,
				634C26751A017B420072B257 /* SnowEffect.sks in Resources */,
				634C266E1A0172000072B257 /* Collect.caf in Resources */,
				63B2309419EC80CC00CA75DE /* Images.xcassets in Resources */,
				634C26781A017B5C0072B257 /* RainEffect.sks in Resources */,
				6381D11119FAD6FC00018173 /* TilesetGraphics.plist in Resources */,
				634C26711A0172000072B257 /* Rain.caf in Resources */,
				634C266F1A0172000072B257 /* Crunch.caf in Resources */,
				6348AE3B19EDAAC300A95BB9 /* PlaneAnimations.plist in Resources */,
				63B2308B19EC80CC00CA75DE /* GameScene.sks in Resources */,
				63F0A97019ED38DD00DE35B9 /* Graphics.atlas in Resources */,
				634C26761A017B420072B257 /* spark.png in Resources */,
				634C26701A0172000072B257 /* Engine.caf in Resources */,
				6348AE4019EEFE4A00A95BB9 /* PlanePuffTrail.sks in Resources */,
				634C266D1A0172000072B257 /* Click.caf in Resources */,
				63B2309219EC80CC00CA75DE /* Main.storyboard in Resources */,
			);
			runOnlyForDeploymentPostprocessing = 0;
		};
		63B2309A19EC80CC00CA75DE /* Resources */ = {
			isa = PBXResourcesBuildPhase;
			buildActionMask = 2147483647;
			files = (
			);
			runOnlyForDeploymentPostprocessing = 0;
		};
/* End PBXResourcesBuildPhase section */

/* Begin PBXSourcesBuildPhase section */
		63B2307F19EC80CC00CA75DE /* Sources */ = {
			isa = PBXSourcesBuildPhase;
			buildActionMask = 2147483647;
			files = (
				63E2F2EC1A000653000B3626 /* GetReadyMenu.swift in Sources */,
				63B2308D19EC80CC00CA75DE /* GameScene.swift in Sources */,
				634CB81D19EFD98900652D13 /* ScrollingNode.swift in Sources */,
				63B2308F19EC80CC00CA75DE /* GameViewController.swift in Sources */,
				634C267A1A017D240072B257 /* WeatherLayer.swift in Sources */,
				6381D11319FAD86100018173 /* TilesetTextureProvider.swift in Sources */,
				634C26661A0170EE0072B257 /* SoundManager.m in Sources */,
				630FCB4319FD8C5100CC98A9 /* GameOverMenu.swift in Sources */,
				63F0A97219ED3A3D00DE35B9 /* Plane.swift in Sources */,
				63C0D40719F31EE800811F1C /* ObstacleLayer.swift in Sources */,
				63B2308919EC80CC00CA75DE /* AppDelegate.swift in Sources */,
				630F5C9119F594D3002AEDC0 /* Collectable.swift in Sources */,
				630F5C9319F5A0FB002AEDC0 /* BitmapFontLabel.swift in Sources */,
				634CB81F19EFDB8100652D13 /* ScrollingLayer.swift in Sources */,
				630FCAD719FBC11E00CC98A9 /* Button.swift in Sources */,
			);
			runOnlyForDeploymentPostprocessing = 0;
		};
		63B2309819EC80CC00CA75DE /* Sources */ = {
			isa = PBXSourcesBuildPhase;
			buildActionMask = 2147483647;
			files = (
				63B230A319EC80CC00CA75DE /* Tappy_PlaneTests.swift in Sources */,
			);
			runOnlyForDeploymentPostprocessing = 0;
		};
/* End PBXSourcesBuildPhase section */

/* Begin PBXTargetDependency section */
		63B2309E19EC80CC00CA75DE /* PBXTargetDependency */ = {
			isa = PBXTargetDependency;
			target = 63B2308219EC80CC00CA75DE /* Tappy Plane */;
			targetProxy = 63B2309D19EC80CC00CA75DE /* PBXContainerItemProxy */;
		};
/* End PBXTargetDependency section */

/* Begin PBXVariantGroup section */
		63B2309019EC80CC00CA75DE /* Main.storyboard */ = {
			isa = PBXVariantGroup;
			children = (
				63B2309119EC80CC00CA75DE /* Base */,
			);
			name = Main.storyboard;
			sourceTree = "<group>";
		};
		63B2309519EC80CC00CA75DE /* LaunchScreen.xib */ = {
			isa = PBXVariantGroup;
			children = (
				63B2309619EC80CC00CA75DE /* Base */,
			);
			name = LaunchScreen.xib;
			sourceTree = "<group>";
		};
/* End PBXVariantGroup section */

/* Begin XCBuildConfiguration section */
		63B230A419EC80CC00CA75DE /* Debug */ = {
			isa = XCBuildConfiguration;
			buildSettings = {
				ALWAYS_SEARCH_USER_PATHS = NO;
				CLANG_CXX_LANGUAGE_STANDARD = "gnu++0x";
				CLANG_CXX_LIBRARY = "libc++";
				CLANG_ENABLE_MODULES = YES;
				CLANG_ENABLE_OBJC_ARC = YES;
				CLANG_WARN_BOOL_CONVERSION = YES;
				CLANG_WARN_CONSTANT_CONVERSION = YES;
				CLANG_WARN_DIRECT_OBJC_ISA_USAGE = YES_ERROR;
				CLANG_WARN_EMPTY_BODY = YES;
				CLANG_WARN_ENUM_CONVERSION = YES;
				CLANG_WARN_INT_CONVERSION = YES;
				CLANG_WARN_OBJC_ROOT_CLASS = YES_ERROR;
				CLANG_WARN_UNREACHABLE_CODE = YES;
				CLANG_WARN__DUPLICATE_METHOD_MATCH = YES;
				"CODE_SIGN_IDENTITY[sdk=iphoneos*]" = "iPhone Developer";
				COPY_PHASE_STRIP = NO;
				ENABLE_STRICT_OBJC_MSGSEND = YES;
				GCC_C_LANGUAGE_STANDARD = gnu99;
				GCC_DYNAMIC_NO_PIC = NO;
				GCC_OPTIMIZATION_LEVEL = 0;
				GCC_PREPROCESSOR_DEFINITIONS = (
					"DEBUG=1",
					"$(inherited)",
				);
				GCC_SYMBOLS_PRIVATE_EXTERN = NO;
				GCC_WARN_64_TO_32_BIT_CONVERSION = YES;
				GCC_WARN_ABOUT_RETURN_TYPE = YES_ERROR;
				GCC_WARN_UNDECLARED_SELECTOR = YES;
				GCC_WARN_UNINITIALIZED_AUTOS = YES_AGGRESSIVE;
				GCC_WARN_UNUSED_FUNCTION = YES;
				GCC_WARN_UNUSED_VARIABLE = YES;
				IPHONEOS_DEPLOYMENT_TARGET = 8.1;
				MTL_ENABLE_DEBUG_INFO = YES;
				ONLY_ACTIVE_ARCH = YES;
				SDKROOT = iphoneos;
				SWIFT_OPTIMIZATION_LEVEL = "-Onone";
			};
			name = Debug;
		};
		63B230A519EC80CC00CA75DE /* Release */ = {
			isa = XCBuildConfiguration;
			buildSettings = {
				ALWAYS_SEARCH_USER_PATHS = NO;
				CLANG_CXX_LANGUAGE_STANDARD = "gnu++0x";
				CLANG_CXX_LIBRARY = "libc++";
				CLANG_ENABLE_MODULES = YES;
				CLANG_ENABLE_OBJC_ARC = YES;
				CLANG_WARN_BOOL_CONVERSION = YES;
				CLANG_WARN_CONSTANT_CONVERSION = YES;
				CLANG_WARN_DIRECT_OBJC_ISA_USAGE = YES_ERROR;
				CLANG_WARN_EMPTY_BODY = YES;
				CLANG_WARN_ENUM_CONVERSION = YES;
				CLANG_WARN_INT_CONVERSION = YES;
				CLANG_WARN_OBJC_ROOT_CLASS = YES_ERROR;
				CLANG_WARN_UNREACHABLE_CODE = YES;
				CLANG_WARN__DUPLICATE_METHOD_MATCH = YES;
				"CODE_SIGN_IDENTITY[sdk=iphoneos*]" = "iPhone Developer";
				COPY_PHASE_STRIP = YES;
				ENABLE_NS_ASSERTIONS = NO;
				ENABLE_STRICT_OBJC_MSGSEND = YES;
				GCC_C_LANGUAGE_STANDARD = gnu99;
				GCC_WARN_64_TO_32_BIT_CONVERSION = YES;
				GCC_WARN_ABOUT_RETURN_TYPE = YES_ERROR;
				GCC_WARN_UNDECLARED_SELECTOR = YES;
				GCC_WARN_UNINITIALIZED_AUTOS = YES_AGGRESSIVE;
				GCC_WARN_UNUSED_FUNCTION = YES;
				GCC_WARN_UNUSED_VARIABLE = YES;
				IPHONEOS_DEPLOYMENT_TARGET = 8.1;
				MTL_ENABLE_DEBUG_INFO = NO;
				SDKROOT = iphoneos;
				VALIDATE_PRODUCT = YES;
			};
			name = Release;
		};
		63B230A719EC80CC00CA75DE /* Debug */ = {
			isa = XCBuildConfiguration;
			buildSettings = {
				ASSETCATALOG_COMPILER_APPICON_NAME = AppIcon;
				CLANG_ENABLE_MODULES = YES;
				INFOPLIST_FILE = "Tappy Plane/Info.plist";
				LD_RUNPATH_SEARCH_PATHS = "$(inherited) @executable_path/Frameworks";
				PRODUCT_NAME = "$(TARGET_NAME)";
				SWIFT_OBJC_BRIDGING_HEADER = "Tappy Plane/Tappy Plane-Bridging-Header.h";
				SWIFT_OPTIMIZATION_LEVEL = "-Onone";
			};
			name = Debug;
		};
		63B230A819EC80CC00CA75DE /* Release */ = {
			isa = XCBuildConfiguration;
			buildSettings = {
				ASSETCATALOG_COMPILER_APPICON_NAME = AppIcon;
				CLANG_ENABLE_MODULES = YES;
				INFOPLIST_FILE = "Tappy Plane/Info.plist";
				LD_RUNPATH_SEARCH_PATHS = "$(inherited) @executable_path/Frameworks";
				PRODUCT_NAME = "$(TARGET_NAME)";
				SWIFT_OBJC_BRIDGING_HEADER = "Tappy Plane/Tappy Plane-Bridging-Header.h";
			};
			name = Release;
		};
		63B230AA19EC80CC00CA75DE /* Debug */ = {
			isa = XCBuildConfiguration;
			buildSettings = {
				BUNDLE_LOADER = "$(TEST_HOST)";
				FRAMEWORK_SEARCH_PATHS = (
					"$(SDKROOT)/Developer/Library/Frameworks",
					"$(inherited)",
				);
				GCC_PREPROCESSOR_DEFINITIONS = (
					"DEBUG=1",
					"$(inherited)",
				);
				INFOPLIST_FILE = "Tappy PlaneTests/Info.plist";
				LD_RUNPATH_SEARCH_PATHS = "$(inherited) @executable_path/Frameworks @loader_path/Frameworks";
				PRODUCT_NAME = "$(TARGET_NAME)";
				TEST_HOST = "$(BUILT_PRODUCTS_DIR)/Tappy Plane.app/Tappy Plane";
			};
			name = Debug;
		};
		63B230AB19EC80CC00CA75DE /* Release */ = {
			isa = XCBuildConfiguration;
			buildSettings = {
				BUNDLE_LOADER = "$(TEST_HOST)";
				FRAMEWORK_SEARCH_PATHS = (
					"$(SDKROOT)/Developer/Library/Frameworks",
					"$(inherited)",
				);
				INFOPLIST_FILE = "Tappy PlaneTests/Info.plist";
				LD_RUNPATH_SEARCH_PATHS = "$(inherited) @executable_path/Frameworks @loader_path/Frameworks";
				PRODUCT_NAME = "$(TARGET_NAME)";
				TEST_HOST = "$(BUILT_PRODUCTS_DIR)/Tappy Plane.app/Tappy Plane";
			};
			name = Release;
		};
/* End XCBuildConfiguration section */

/* Begin XCConfigurationList section */
		63B2307E19EC80CC00CA75DE /* Build configuration list for PBXProject "Tappy Plane" */ = {
			isa = XCConfigurationList;
			buildConfigurations = (
				63B230A419EC80CC00CA75DE /* Debug */,
				63B230A519EC80CC00CA75DE /* Release */,
			);
			defaultConfigurationIsVisible = 0;
			defaultConfigurationName = Release;
		};
		63B230A619EC80CC00CA75DE /* Build configuration list for PBXNativeTarget "Tappy Plane" */ = {
			isa = XCConfigurationList;
			buildConfigurations = (
				63B230A719EC80CC00CA75DE /* Debug */,
				63B230A819EC80CC00CA75DE /* Release */,
			);
			defaultConfigurationIsVisible = 0;
			defaultConfigurationName = Release;
		};
		63B230A919EC80CC00CA75DE /* Build configuration list for PBXNativeTarget "Tappy PlaneTests" */ = {
			isa = XCConfigurationList;
			buildConfigurations = (
				63B230AA19EC80CC00CA75DE /* Debug */,
				63B230AB19EC80CC00CA75DE /* Release */,
			);
			defaultConfigurationIsVisible = 0;
			defaultConfigurationName = Release;
		};
/* End XCConfigurationList section */
	};
	rootObject = 63B2307B19EC80CC00CA75DE /* Project object */;
}
